
Microsoft Visual Studio Solution File, Format Version 12.00
# Visual Studio Version 16
VisualStudioVersion = 16.0.31911.196
MinimumVisualStudioVersion = 10.0.40219.1
Project("{9A19103F-16F7-4668-BE54-9A1E7A4F7556}") = "ProjectStremeSpoats.Server", "ProjectStremeSpoats\Server\ProjectStremeSpoats.Server.csproj", "{D88A8AE8-6540-4BAE-B833-52F1827A022C}"
EndProject
Project("{9A19103F-16F7-4668-BE54-9A1E7A4F7556}") = "ProjectStremeSpoats.Client", "ProjectStremeSpoats\Client\ProjectStremeSpoats.Client.csproj", "{EB0A6796-6483-4619-A07F-6941D2D2745F}"
EndProject
Project("{9A19103F-16F7-4668-BE54-9A1E7A4F7556}") = "ProjectStremeSpoats.Shared", "ProjectStremeSpoats\Shared\ProjectStremeSpoats.Shared.csproj", "{09B0BCCC-A8AF-45F9-BFEC-72076BCDA0D6}"
EndProject
Global
	GlobalSection(SolutionConfigurationPlatforms) = preSolution
		Debug|Any CPU = Debug|Any CPU
		Release|Any CPU = Release|Any CPU
	EndGlobalSection
	GlobalSection(ProjectConfigurationPlatforms) = postSolution
		{D88A8AE8-6540-4BAE-B833-52F1827A022C}.Debug|Any CPU.ActiveCfg = Debug|Any CPU
		{D88A8AE8-6540-4BAE-B833-52F1827A022C}.Debug|Any CPU.Build.0 = Debug|Any CPU
		{D88A8AE8-6540-4BAE-B833-52F1827A022C}.Release|Any CPU.ActiveCfg = Release|Any CPU
		{D88A8AE8-6540-4BAE-B833-52F1827A022C}.Release|Any CPU.Build.0 = Release|Any CPU
		{EB0A6796-6483-4619-A07F-6941D2D2745F}.Debug|Any CPU.ActiveCfg = Debug|Any CPU
		{EB0A6796-6483-4619-A07F-6941D2D2745F}.Debug|Any CPU.Build.0 = Debug|Any CPU
		{EB0A6796-6483-4619-A07F-6941D2D2745F}.Release|Any CPU.ActiveCfg = Release|Any CPU
		{EB0A6796-6483-4619-A07F-6941D2D2745F}.Release|Any CPU.Build.0 = Release|Any CPU
		{09B0BCCC-A8AF-45F9-BFEC-72076BCDA0D6}.Debug|Any CPU.ActiveCfg = Debug|Any CPU
		{09B0BCCC-A8AF-45F9-BFEC-72076BCDA0D6}.Debug|Any CPU.Build.0 = Debug|Any CPU
		{09B0BCCC-A8AF-45F9-BFEC-72076BCDA0D6}.Release|Any CPU.ActiveCfg = Release|Any CPU
		{09B0BCCC-A8AF-45F9-BFEC-72076BCDA0D6}.Release|Any CPU.Build.0 = Release|Any CPU
	EndGlobalSection
	GlobalSection(SolutionProperties) = preSolution
		HideSolutionNode = FALSE
	EndGlobalSection
	GlobalSection(ExtensibilityGlobals) = postSolution
		SolutionGuid = {4119C045-09F2-46E0-81AD-6BF24690B8F2}
	EndGlobalSection
EndGlobal
